
Microsoft Visual Studio Solution File, Format Version 12.00
# Visual Studio 15
VisualStudioVersion = 15.0.27130.2010
MinimumVisualStudioVersion = 10.0.40219.1
Project("{FAE04EC0-301F-11D3-BF4B-00C04F79EFBC}") = "AppWinForm", "AppWinForm\AppWinForm.csproj", "{7CF7093E-1038-4465-8FA3-11BABB9B71CE}"
EndProject
Global
	GlobalSection(SolutionConfigurationPlatforms) = preSolution
		Debug|Any CPU = Debug|Any CPU
		Release|Any CPU = Release|Any CPU
	EndGlobalSection
	GlobalSection(ProjectConfigurationPlatforms) = postSolution
		{7CF7093E-1038-4465-8FA3-11BABB9B71CE}.Debug|Any CPU.ActiveCfg = Debug|Any CPU
		{7CF7093E-1038-4465-8FA3-11BABB9B71CE}.Debug|Any CPU.Build.0 = Debug|Any CPU
		{7CF7093E-1038-4465-8FA3-11BABB9B71CE}.Release|Any CPU.ActiveCfg = Release|Any CPU
		{7CF7093E-1038-4465-8FA3-11BABB9B71CE}.Release|Any CPU.Build.0 = Release|Any CPU
	EndGlobalSection
	GlobalSection(SolutionProperties) = preSolution
		HideSolutionNode = FALSE
	EndGlobalSection
	GlobalSection(ExtensibilityGlobals) = postSolution
		SolutionGuid = {998ADEB7-1D2E-4C39-99F1-CDBA48A731D3}
	EndGlobalSection
EndGlobal
